
Microsoft Visual Studio Solution File, Format Version 12.00
# Visual Studio Version 16
VisualStudioVersion = 16.0.31112.23
MinimumVisualStudioVersion = 10.0.40219.1
Project("{FAE04EC0-301F-11D3-BF4B-00C04F79EFBC}") = "back-end", "back-end\back-end.csproj", "{BEA9FDDB-C866-4B04-BEFB-E8816AEA3EA1}"
EndProject
Global
	GlobalSection(SolutionConfigurationPlatforms) = preSolution
		Debug|Any CPU = Debug|Any CPU
		Release|Any CPU = Release|Any CPU
	EndGlobalSection
	GlobalSection(ProjectConfigurationPlatforms) = postSolution
		{BEA9FDDB-C866-4B04-BEFB-E8816AEA3EA1}.Debug|Any CPU.ActiveCfg = Debug|Any CPU
		{BEA9FDDB-C866-4B04-BEFB-E8816AEA3EA1}.Debug|Any CPU.Build.0 = Debug|Any CPU
		{BEA9FDDB-C866-4B04-BEFB-E8816AEA3EA1}.Release|Any CPU.ActiveCfg = Release|Any CPU
		{BEA9FDDB-C866-4B04-BEFB-E8816AEA3EA1}.Release|Any CPU.Build.0 = Release|Any CPU
	EndGlobalSection
	GlobalSection(SolutionProperties) = preSolution
		HideSolutionNode = FALSE
	EndGlobalSection
	GlobalSection(ExtensibilityGlobals) = postSolution
		SolutionGuid = {BA78127E-645F-4556-8036-621389FDF088}
	EndGlobalSection
EndGlobal
